
Microsoft Visual Studio Solution File, Format Version 12.00
# Visual Studio Version 17
VisualStudioVersion = 17.14.36804.6
MinimumVisualStudioVersion = 10.0.40219.1
Project("{8BC9CEB8-8B4A-11D0-8D11-00A0C91BC942}") = "Program", "Program.vcxproj", "{285110B5-1C4B-446F-A5D9-37979AB04A33}"
EndProject
Project("{8BC9CEB8-8B4A-11D0-8D11-00A0C91BC942}") = "Class1th (Compile)", "..\Class1th (Compile)\Class1th (Compile).vcxproj", "{4C8A1CF7-F2B6-448D-A0CD-B519B5D020C9}"
EndProject
Project("{8BC9CEB8-8B4A-11D0-8D11-00A0C91BC942}") = "Class2th (Variable & Constant)", "..\Class2th (Variable & Constant)\Class2th (Variable & Constant).vcxproj", "{9B3C4EC1-1AEA-4D06-9B04-90D4F813F2DF}"
EndProject
Project("{8BC9CEB8-8B4A-11D0-8D11-00A0C91BC942}") = "Class3th (Bit)", "..\Class3th (Bit)\Class3th (Bit).vcxproj", "{FE32A1EB-551E-4AEA-BB2F-59307BD23D3F}"
EndProject
Project("{8BC9CEB8-8B4A-11D0-8D11-00A0C91BC942}") = "Class4th (Overflow & Underflow)", "..\Class4th (Overflow & Underflow)\Class4th (Overflow & Underflow).vcxproj", "{24D7A802-1DA5-4B72-8448-79358D5A7450}"
EndProject
Project("{8BC9CEB8-8B4A-11D0-8D11-00A0C91BC942}") = "Class5th (Conditional Statement)", "..\Class5th (Conditional Statement)\Class5th (Conditional Statement).vcxproj", "{AAFF48A1-0BF9-451E-83F3-4B4C194DF6EA}"
EndProject
Project("{8BC9CEB8-8B4A-11D0-8D11-00A0C91BC942}") = "Class6th (iteration Statement)", "..\Class6th (iteration Statement)\Class6th (iteration Statement).vcxproj", "{51BA2B87-06A1-48D7-9A87-695F6EB2F577}"
EndProject
Global
	GlobalSection(SolutionConfigurationPlatforms) = preSolution
		Debug|x64 = Debug|x64
		Debug|x86 = Debug|x86
		Release|x64 = Release|x64
		Release|x86 = Release|x86
	EndGlobalSection
	GlobalSection(ProjectConfigurationPlatforms) = postSolution
		{285110B5-1C4B-446F-A5D9-37979AB04A33}.Debug|x64.ActiveCfg = Debug|x64
		{285110B5-1C4B-446F-A5D9-37979AB04A33}.Debug|x64.Build.0 = Debug|x64
		{285110B5-1C4B-446F-A5D9-37979AB04A33}.Debug|x86.ActiveCfg = Debug|Win32
		{285110B5-1C4B-446F-A5D9-37979AB04A33}.Debug|x86.Build.0 = Debug|Win32
		{285110B5-1C4B-446F-A5D9-37979AB04A33}.Release|x64.ActiveCfg = Release|x64
		{285110B5-1C4B-446F-A5D9-37979AB04A33}.Release|x64.Build.0 = Release|x64
		{285110B5-1C4B-446F-A5D9-37979AB04A33}.Release|x86.ActiveCfg = Release|Win32
		{285110B5-1C4B-446F-A5D9-37979AB04A33}.Release|x86.Build.0 = Release|Win32
		{4C8A1CF7-F2B6-448D-A0CD-B519B5D020C9}.Debug|x64.ActiveCfg = Debug|x64
		{4C8A1CF7-F2B6-448D-A0CD-B519B5D020C9}.Debug|x64.Build.0 = Debug|x64
		{4C8A1CF7-F2B6-448D-A0CD-B519B5D020C9}.Debug|x86.ActiveCfg = Debug|Win32
		{4C8A1CF7-F2B6-448D-A0CD-B519B5D020C9}.Debug|x86.Build.0 = Debug|Win32
		{4C8A1CF7-F2B6-448D-A0CD-B519B5D020C9}.Release|x64.ActiveCfg = Release|x64
		{4C8A1CF7-F2B6-448D-A0CD-B519B5D020C9}.Release|x64.Build.0 = Release|x64
		{4C8A1CF7-F2B6-448D-A0CD-B519B5D020C9}.Release|x86.ActiveCfg = Release|Win32
		{4C8A1CF7-F2B6-448D-A0CD-B519B5D020C9}.Release|x86.Build.0 = Release|Win32
		{9B3C4EC1-1AEA-4D06-9B04-90D4F813F2DF}.Debug|x64.ActiveCfg = Debug|x64
		{9B3C4EC1-1AEA-4D06-9B04-90D4F813F2DF}.Debug|x64.Build.0 = Debug|x64
		{9B3C4EC1-1AEA-4D06-9B04-90D4F813F2DF}.Debug|x86.ActiveCfg = Debug|Win32
		{9B3C4EC1-1AEA-4D06-9B04-90D4F813F2DF}.Debug|x86.Build.0 = Debug|Win32
		{9B3C4EC1-1AEA-4D06-9B04-90D4F813F2DF}.Release|x64.ActiveCfg = Release|x64
		{9B3C4EC1-1AEA-4D06-9B04-90D4F813F2DF}.Release|x64.Build.0 = Release|x64
		{9B3C4EC1-1AEA-4D06-9B04-90D4F813F2DF}.Release|x86.ActiveCfg = Release|Win32
		{9B3C4EC1-1AEA-4D06-9B04-90D4F813F2DF}.Release|x86.Build.0 = Release|Win32
		{FE32A1EB-551E-4AEA-BB2F-59307BD23D3F}.Debug|x64.ActiveCfg = Debug|x64
		{FE32A1EB-551E-4AEA-BB2F-59307BD23D3F}.Debug|x64.Build.0 = Debug|x64
		{FE32A1EB-551E-4AEA-BB2F-59307BD23D3F}.Debug|x86.ActiveCfg = Debug|Win32
		{FE32A1EB-551E-4AEA-BB2F-59307BD23D3F}.Debug|x86.Build.0 = Debug|Win32
		{FE32A1EB-551E-4AEA-BB2F-59307BD23D3F}.Release|x64.ActiveCfg = Release|x64
		{FE32A1EB-551E-4AEA-BB2F-59307BD23D3F}.Release|x64.Build.0 = Release|x64
		{FE32A1EB-551E-4AEA-BB2F-59307BD23D3F}.Release|x86.ActiveCfg = Release|Win32
		{FE32A1EB-551E-4AEA-BB2F-59307BD23D3F}.Release|x86.Build.0 = Release|Win32
		{24D7A802-1DA5-4B72-8448-79358D5A7450}.Debug|x64.ActiveCfg = Debug|x64
		{24D7A802-1DA5-4B72-8448-79358D5A7450}.Debug|x64.Build.0 = Debug|x64
		{24D7A802-1DA5-4B72-8448-79358D5A7450}.Debug|x86.ActiveCfg = Debug|Win32
		{24D7A802-1DA5-4B72-8448-79358D5A7450}.Debug|x86.Build.0 = Debug|Win32
		{24D7A802-1DA5-4B72-8448-79358D5A7450}.Release|x64.ActiveCfg = Release|x64
		{24D7A802-1DA5-4B72-8448-79358D5A7450}.Release|x64.Build.0 = Release|x64
		{24D7A802-1DA5-4B72-8448-79358D5A7450}.Release|x86.ActiveCfg = Release|Win32
		{24D7A802-1DA5-4B72-8448-79358D5A7450}.Release|x86.Build.0 = Release|Win32
		{AAFF48A1-0BF9-451E-83F3-4B4C194DF6EA}.Debug|x64.ActiveCfg = Debug|x64
		{AAFF48A1-0BF9-451E-83F3-4B4C194DF6EA}.Debug|x64.Build.0 = Debug|x64
		{AAFF48A1-0BF9-451E-83F3-4B4C194DF6EA}.Debug|x86.ActiveCfg = Debug|Win32
		{AAFF48A1-0BF9-451E-83F3-4B4C194DF6EA}.Debug|x86.Build.0 = Debug|Win32
		{AAFF48A1-0BF9-451E-83F3-4B4C194DF6EA}.Release|x64.ActiveCfg = Release|x64
		{AAFF48A1-0BF9-451E-83F3-4B4C194DF6EA}.Release|x64.Build.0 = Release|x64
		{AAFF48A1-0BF9-451E-83F3-4B4C194DF6EA}.Release|x86.ActiveCfg = Release|Win32
		{AAFF48A1-0BF9-451E-83F3-4B4C194DF6EA}.Release|x86.Build.0 = Release|Win32
		{51BA2B87-06A1-48D7-9A87-695F6EB2F577}.Debug|x64.ActiveCfg = Debug|x64
		{51BA2B87-06A1-48D7-9A87-695F6EB2F577}.Debug|x64.Build.0 = Debug|x64
		{51BA2B87-06A1-48D7-9A87-695F6EB2F577}.Debug|x86.ActiveCfg = Debug|Win32
		{51BA2B87-06A1-48D7-9A87-695F6EB2F577}.Debug|x86.Build.0 = Debug|Win32
		{51BA2B87-06A1-48D7-9A87-695F6EB2F577}.Release|x64.ActiveCfg = Release|x64
		{51BA2B87-06A1-48D7-9A87-695F6EB2F577}.Release|x64.Build.0 = Release|x64
		{51BA2B87-06A1-48D7-9A87-695F6EB2F577}.Release|x86.ActiveCfg = Release|Win32
		{51BA2B87-06A1-48D7-9A87-695F6EB2F577}.Release|x86.Build.0 = Release|Win32
	EndGlobalSection
	GlobalSection(SolutionProperties) = preSolution
		HideSolutionNode = FALSE
	EndGlobalSection
	GlobalSection(ExtensibilityGlobals) = postSolution
		SolutionGuid = {A43A3763-5CBA-45A8-812C-C5C09891D4D2}
	EndGlobalSection
EndGlobal
